
Microsoft Visual Studio Solution File, Format Version 12.00
# Visual Studio Version 17
VisualStudioVersion = 17.1.32414.318
MinimumVisualStudioVersion = 10.0.40219.1
Project("{FAE04EC0-301F-11D3-BF4B-00C04F79EFBC}") = "ConsoleAppQaTest", "ConsoleAppQaTest\ConsoleAppQaTest.csproj", "{CEBF4CD0-FB70-4BF0-9168-6629E1CFB379}"
EndProject
Global
	GlobalSection(SolutionConfigurationPlatforms) = preSolution
		Debug|Any CPU = Debug|Any CPU
		Release|Any CPU = Release|Any CPU
	EndGlobalSection
	GlobalSection(ProjectConfigurationPlatforms) = postSolution
		{CEBF4CD0-FB70-4BF0-9168-6629E1CFB379}.Debug|Any CPU.ActiveCfg = Debug|Any CPU
		{CEBF4CD0-FB70-4BF0-9168-6629E1CFB379}.Debug|Any CPU.Build.0 = Debug|Any CPU
		{CEBF4CD0-FB70-4BF0-9168-6629E1CFB379}.Release|Any CPU.ActiveCfg = Release|Any CPU
		{CEBF4CD0-FB70-4BF0-9168-6629E1CFB379}.Release|Any CPU.Build.0 = Release|Any CPU
	EndGlobalSection
	GlobalSection(SolutionProperties) = preSolution
		HideSolutionNode = FALSE
	EndGlobalSection
	GlobalSection(ExtensibilityGlobals) = postSolution
		SolutionGuid = {24706204-A29A-4171-9836-DD9C186F5761}
	EndGlobalSection
EndGlobal
