
Microsoft Visual Studio Solution File, Format Version 12.00
# Visual Studio Version 17
VisualStudioVersion = 17.1.32414.318
MinimumVisualStudioVersion = 10.0.40219.1
Project("{FAE04EC0-301F-11D3-BF4B-00C04F79EFBC}") = "TodoApi", "TodoApi\TodoApi.csproj", "{B4F6BAAE-2DDA-4477-BB45-376CA701251B}"
EndProject
Global
	GlobalSection(SolutionConfigurationPlatforms) = preSolution
		Debug|Any CPU = Debug|Any CPU
		Release|Any CPU = Release|Any CPU
	EndGlobalSection
	GlobalSection(ProjectConfigurationPlatforms) = postSolution
		{B4F6BAAE-2DDA-4477-BB45-376CA701251B}.Debug|Any CPU.ActiveCfg = Debug|Any CPU
		{B4F6BAAE-2DDA-4477-BB45-376CA701251B}.Debug|Any CPU.Build.0 = Debug|Any CPU
		{B4F6BAAE-2DDA-4477-BB45-376CA701251B}.Release|Any CPU.ActiveCfg = Release|Any CPU
		{B4F6BAAE-2DDA-4477-BB45-376CA701251B}.Release|Any CPU.Build.0 = Release|Any CPU
	EndGlobalSection
	GlobalSection(SolutionProperties) = preSolution
		HideSolutionNode = FALSE
	EndGlobalSection
	GlobalSection(ExtensibilityGlobals) = postSolution
		SolutionGuid = {063773FF-A2D3-47F6-B6AD-C7316D19C15D}
	EndGlobalSection
EndGlobal
