
Microsoft Visual Studio Solution File, Format Version 12.00
# Visual Studio Version 17
VisualStudioVersion = 17.1.32414.318
MinimumVisualStudioVersion = 10.0.40219.1
Project("{FAE04EC0-301F-11D3-BF4B-00C04F79EFBC}") = "TodoApi", "TodoApi\TodoApi.csproj", "{4280571E-5E2F-4359-A91A-F4152566848D}"
EndProject
Project("{2150E333-8FDC-42A3-9474-1A3956D46DE8}") = "Models", "Models", "{F9B567DE-F738-4BCD-A587-3B9566782C3E}"
	ProjectSection(SolutionItems) = preProject
		TodoItem.cs = TodoItem.cs
	EndProjectSection
EndProject
Global
	GlobalSection(SolutionConfigurationPlatforms) = preSolution
		Debug|Any CPU = Debug|Any CPU
		Release|Any CPU = Release|Any CPU
	EndGlobalSection
	GlobalSection(ProjectConfigurationPlatforms) = postSolution
		{4280571E-5E2F-4359-A91A-F4152566848D}.Debug|Any CPU.ActiveCfg = Debug|Any CPU
		{4280571E-5E2F-4359-A91A-F4152566848D}.Debug|Any CPU.Build.0 = Debug|Any CPU
		{4280571E-5E2F-4359-A91A-F4152566848D}.Release|Any CPU.ActiveCfg = Release|Any CPU
		{4280571E-5E2F-4359-A91A-F4152566848D}.Release|Any CPU.Build.0 = Release|Any CPU
	EndGlobalSection
	GlobalSection(SolutionProperties) = preSolution
		HideSolutionNode = FALSE
	EndGlobalSection
	GlobalSection(ExtensibilityGlobals) = postSolution
		SolutionGuid = {DA3BDE49-5A62-4BF2-BA95-CFDDFC76C60C}
	EndGlobalSection
EndGlobal
