
Microsoft Visual Studio Solution File, Format Version 12.00
# Visual Studio Version 17
VisualStudioVersion = 17.1.32414.318
MinimumVisualStudioVersion = 10.0.40219.1
Project("{54A90642-561A-4BB1-A94E-469ADEE60C69}") = "reactproject1", "reactproject1\reactproject1.esproj", "{9B5811B4-1B92-4622-A0B3-B8D729CDCC77}"
EndProject
Global
	GlobalSection(SolutionConfigurationPlatforms) = preSolution
		Debug|Any CPU = Debug|Any CPU
		Release|Any CPU = Release|Any CPU
	EndGlobalSection
	GlobalSection(ProjectConfigurationPlatforms) = postSolution
		{9B5811B4-1B92-4622-A0B3-B8D729CDCC77}.Debug|Any CPU.ActiveCfg = Debug|Any CPU
		{9B5811B4-1B92-4622-A0B3-B8D729CDCC77}.Debug|Any CPU.Build.0 = Debug|Any CPU
		{9B5811B4-1B92-4622-A0B3-B8D729CDCC77}.Debug|Any CPU.Deploy.0 = Debug|Any CPU
		{9B5811B4-1B92-4622-A0B3-B8D729CDCC77}.Release|Any CPU.ActiveCfg = Release|Any CPU
		{9B5811B4-1B92-4622-A0B3-B8D729CDCC77}.Release|Any CPU.Build.0 = Release|Any CPU
		{9B5811B4-1B92-4622-A0B3-B8D729CDCC77}.Release|Any CPU.Deploy.0 = Release|Any CPU
	EndGlobalSection
	GlobalSection(SolutionProperties) = preSolution
		HideSolutionNode = FALSE
	EndGlobalSection
	GlobalSection(ExtensibilityGlobals) = postSolution
		SolutionGuid = {B93DF8A8-C4EC-4F46-8E22-7E31BE719004}
	EndGlobalSection
EndGlobal
